
Microsoft Visual Studio Solution File, Format Version 12.00
# Visual Studio 15
VisualStudioVersion = 15.0.27130.2024
MinimumVisualStudioVersion = 10.0.40219.1
Project("{FAE04EC0-301F-11D3-BF4B-00C04F79EFBC}") = "CodeKatas", "CodeKatas.csproj", "{79A126BB-6517-4F1C-9646-722F65F2458A}"
EndProject
Project("{2150E333-8FDC-42A3-9474-1A3956D46DE8}") = "Tests", "Tests", "{628109B8-28BA-4896-BA7F-459BE243659D}"
EndProject
Project("{FAE04EC0-301F-11D3-BF4B-00C04F79EFBC}") = "CodeKatas.Tests.Unit", "..\CodeKatas.Tests.Unit\CodeKatas.Tests.Unit.csproj", "{F016F654-6445-476F-93C0-C337AFFCEAC5}"
EndProject
Project("{9A19103F-16F7-4668-BE54-9A1E7A4F7556}") = "CodeKata.UI", "CodeKata.UI\CodeKata.UI.csproj", "{169C0841-42AB-4CC8-9040-225E29680521}"
EndProject
Global
	GlobalSection(SolutionConfigurationPlatforms) = preSolution
		Debug|Any CPU = Debug|Any CPU
		Release|Any CPU = Release|Any CPU
	EndGlobalSection
	GlobalSection(ProjectConfigurationPlatforms) = postSolution
		{79A126BB-6517-4F1C-9646-722F65F2458A}.Debug|Any CPU.ActiveCfg = Debug|Any CPU
		{79A126BB-6517-4F1C-9646-722F65F2458A}.Debug|Any CPU.Build.0 = Debug|Any CPU
		{79A126BB-6517-4F1C-9646-722F65F2458A}.Release|Any CPU.ActiveCfg = Release|Any CPU
		{79A126BB-6517-4F1C-9646-722F65F2458A}.Release|Any CPU.Build.0 = Release|Any CPU
		{F016F654-6445-476F-93C0-C337AFFCEAC5}.Debug|Any CPU.ActiveCfg = Debug|Any CPU
		{F016F654-6445-476F-93C0-C337AFFCEAC5}.Debug|Any CPU.Build.0 = Debug|Any CPU
		{F016F654-6445-476F-93C0-C337AFFCEAC5}.Release|Any CPU.ActiveCfg = Release|Any CPU
		{F016F654-6445-476F-93C0-C337AFFCEAC5}.Release|Any CPU.Build.0 = Release|Any CPU
		{169C0841-42AB-4CC8-9040-225E29680521}.Debug|Any CPU.ActiveCfg = Debug|Any CPU
		{169C0841-42AB-4CC8-9040-225E29680521}.Debug|Any CPU.Build.0 = Debug|Any CPU
		{169C0841-42AB-4CC8-9040-225E29680521}.Release|Any CPU.ActiveCfg = Release|Any CPU
		{169C0841-42AB-4CC8-9040-225E29680521}.Release|Any CPU.Build.0 = Release|Any CPU
	EndGlobalSection
	GlobalSection(SolutionProperties) = preSolution
		HideSolutionNode = FALSE
	EndGlobalSection
	GlobalSection(NestedProjects) = preSolution
		{F016F654-6445-476F-93C0-C337AFFCEAC5} = {628109B8-28BA-4896-BA7F-459BE243659D}
	EndGlobalSection
	GlobalSection(ExtensibilityGlobals) = postSolution
		SolutionGuid = {8844AF07-4086-405E-85A4-EC343C6DE564}
	EndGlobalSection
EndGlobal
